// !$*UTF8*$!
{
	archiveVersion = 1;
	classes = {
	};
	objectVersion = 50;
	objects = {

/* Begin PBXBuildFile section */
		3BCB69FC2698B2F40054B0E6 /* AppDelegate.swift in Sources */ = {isa = PBXBuildFile; fileRef = 3BCB69FB2698B2F40054B0E6 /* AppDelegate.swift */; };
		3BCB69FE2698B2F40054B0E6 /* SceneDelegate.swift in Sources */ = {isa = PBXBuildFile; fileRef = 3BCB69FD2698B2F40054B0E6 /* SceneDelegate.swift */; };
		3BCB6A002698B2F40054B0E6 /* ViewController.swift in Sources */ = {isa = PBXBuildFile; fileRef = 3BCB69FF2698B2F40054B0E6 /* ViewController.swift */; };
		3BCB6A032698B2F40054B0E6 /* Main.storyboard in Resources */ = {isa = PBXBuildFile; fileRef = 3BCB6A012698B2F40054B0E6 /* Main.storyboard */; };
		3BCB6A052698B2F50054B0E6 /* Assets.xcassets in Resources */ = {isa = PBXBuildFile; fileRef = 3BCB6A042698B2F50054B0E6 /* Assets.xcassets */; };
		3BCB6A082698B2F50054B0E6 /* LaunchScreen.storyboard in Resources */ = {isa = PBXBuildFile; fileRef = 3BCB6A062698B2F50054B0E6 /* LaunchScreen.storyboard */; };
		3BCB6A102698C1730054B0E6 /* CoreDataStack.swift in Sources */ = {isa = PBXBuildFile; fileRef = 3BCB6A0F2698C1730054B0E6 /* CoreDataStack.swift */; };
		3BCB6A13269999FA0054B0E6 /* ModelSleepTime.xcdatamodeld in Sources */ = {isa = PBXBuildFile; fileRef = 3BCB6A11269999FA0054B0E6 /* ModelSleepTime.xcdatamodeld */; };
		3BCB6A1826999C760054B0E6 /* Sleep+CoreDataClass.swift in Sources */ = {isa = PBXBuildFile; fileRef = 3BCB6A1426999C760054B0E6 /* Sleep+CoreDataClass.swift */; };
		3BCB6A1926999C760054B0E6 /* Sleep+CoreDataProperties.swift in Sources */ = {isa = PBXBuildFile; fileRef = 3BCB6A1526999C760054B0E6 /* Sleep+CoreDataProperties.swift */; };
		3BCB6A1A26999C760054B0E6 /* User+CoreDataClass.swift in Sources */ = {isa = PBXBuildFile; fileRef = 3BCB6A1626999C760054B0E6 /* User+CoreDataClass.swift */; };
		3BCB6A1B26999C760054B0E6 /* User+CoreDataProperties.swift in Sources */ = {isa = PBXBuildFile; fileRef = 3BCB6A1726999C760054B0E6 /* User+CoreDataProperties.swift */; };
/* End PBXBuildFile section */

/* Begin PBXFileReference section */
		3BCB69F82698B2F40054B0E6 /* SleepTime.app */ = {isa = PBXFileReference; explicitFileType = wrapper.application; includeInIndex = 0; path = SleepTime.app; sourceTree = BUILT_PRODUCTS_DIR; };
		3BCB69FB2698B2F40054B0E6 /* AppDelegate.swift */ = {isa = PBXFileReference; lastKnownFileType = sourcecode.swift; path = AppDelegate.swift; sourceTree = "<group>"; };
		3BCB69FD2698B2F40054B0E6 /* SceneDelegate.swift */ = {isa = PBXFileReference; lastKnownFileType = sourcecode.swift; path = SceneDelegate.swift; sourceTree = "<group>"; };
		3BCB69FF2698B2F40054B0E6 /* ViewController.swift */ = {isa = PBXFileReference; lastKnownFileType = sourcecode.swift; path = ViewController.swift; sourceTree = "<group>"; };
		3BCB6A022698B2F40054B0E6 /* Base */ = {isa = PBXFileReference; lastKnownFileType = file.storyboard; name = Base; path = Base.lproj/Main.storyboard; sourceTree = "<group>"; };
		3BCB6A042698B2F50054B0E6 /* Assets.xcassets */ = {isa = PBXFileReference; lastKnownFileType = folder.assetcatalog; path = Assets.xcassets; sourceTree = "<group>"; };
		3BCB6A072698B2F50054B0E6 /* Base */ = {isa = PBXFileReference; lastKnownFileType = file.storyboard; name = Base; path = Base.lproj/LaunchScreen.storyboard; sourceTree = "<group>"; };
		3BCB6A092698B2F50054B0E6 /* Info.plist */ = {isa = PBXFileReference; lastKnownFileType = text.plist.xml; path = Info.plist; sourceTree = "<group>"; };
		3BCB6A0F2698C1730054B0E6 /* CoreDataStack.swift */ = {isa = PBXFileReference; lastKnownFileType = sourcecode.swift; path = CoreDataStack.swift; sourceTree = "<group>"; };
		3BCB6A12269999FA0054B0E6 /* ModelSleepTime.xcdatamodel */ = {isa = PBXFileReference; lastKnownFileType = wrapper.xcdatamodel; path = ModelSleepTime.xcdatamodel; sourceTree = "<group>"; };
		3BCB6A1426999C760054B0E6 /* Sleep+CoreDataClass.swift */ = {isa = PBXFileReference; lastKnownFileType = sourcecode.swift; path = "Sleep+CoreDataClass.swift"; sourceTree = "<group>"; };
		3BCB6A1526999C760054B0E6 /* Sleep+CoreDataProperties.swift */ = {isa = PBXFileReference; lastKnownFileType = sourcecode.swift; path = "Sleep+CoreDataProperties.swift"; sourceTree = "<group>"; };
		3BCB6A1626999C760054B0E6 /* User+CoreDataClass.swift */ = {isa = PBXFileReference; lastKnownFileType = sourcecode.swift; path = "User+CoreDataClass.swift"; sourceTree = "<group>"; };
		3BCB6A1726999C760054B0E6 /* User+CoreDataProperties.swift */ = {isa = PBXFileReference; lastKnownFileType = sourcecode.swift; path = "User+CoreDataProperties.swift"; sourceTree = "<group>"; };
/* End PBXFileReference section */

/* Begin PBXFrameworksBuildPhase section */
		3BCB69F52698B2F40054B0E6 /* Frameworks */ = {
			isa = PBXFrameworksBuildPhase;
			buildActionMask = 2147483647;
			files = (
			);
			runOnlyForDeploymentPostprocessing = 0;
		};
/* End PBXFrameworksBuildPhase section */

/* Begin PBXGroup section */
		3BCB69EF2698B2F40054B0E6 = {
			isa = PBXGroup;
			children = (
				3BCB6A1C26999CE00054B0E6 /* CoreDataFile */,
				3BCB69FA2698B2F40054B0E6 /* SleepTime */,
				3BCB69F92698B2F40054B0E6 /* Products */,
			);
			sourceTree = "<group>";
		};
		3BCB69F92698B2F40054B0E6 /* Products */ = {
			isa = PBXGroup;
			children = (
				3BCB69F82698B2F40054B0E6 /* SleepTime.app */,
			);
			name = Products;
			sourceTree = "<group>";
		};
		3BCB69FA2698B2F40054B0E6 /* SleepTime */ = {
			isa = PBXGroup;
			children = (
				3BCB69FB2698B2F40054B0E6 /* AppDelegate.swift */,
				3BCB69FD2698B2F40054B0E6 /* SceneDelegate.swift */,
				3BCB69FF2698B2F40054B0E6 /* ViewController.swift */,
				3BCB6A012698B2F40054B0E6 /* Main.storyboard */,
				3BCB6A042698B2F50054B0E6 /* Assets.xcassets */,
				3BCB6A062698B2F50054B0E6 /* LaunchScreen.storyboard */,
				3BCB6A092698B2F50054B0E6 /* Info.plist */,
			);
			path = SleepTime;
			sourceTree = "<group>";
		};
		3BCB6A1C26999CE00054B0E6 /* CoreDataFile */ = {
			isa = PBXGroup;
			children = (
				3BCB6A1E2699A26E0054B0E6 /* Stack */,
				3BCB6A1D2699A2500054B0E6 /* Entities */,
			);
			path = CoreDataFile;
			sourceTree = "<group>";
		};
		3BCB6A1D2699A2500054B0E6 /* Entities */ = {
			isa = PBXGroup;
			children = (
				3BCB6A1426999C760054B0E6 /* Sleep+CoreDataClass.swift */,
				3BCB6A1526999C760054B0E6 /* Sleep+CoreDataProperties.swift */,
				3BCB6A1626999C760054B0E6 /* User+CoreDataClass.swift */,
				3BCB6A1726999C760054B0E6 /* User+CoreDataProperties.swift */,
			);
			path = Entities;
			sourceTree = "<group>";
		};
		3BCB6A1E2699A26E0054B0E6 /* Stack */ = {
			isa = PBXGroup;
			children = (
				3BCB6A0F2698C1730054B0E6 /* CoreDataStack.swift */,
				3BCB6A11269999FA0054B0E6 /* ModelSleepTime.xcdatamodeld */,
			);
			path = Stack;
			sourceTree = "<group>";
		};
/* End PBXGroup section */

/* Begin PBXNativeTarget section */
		3BCB69F72698B2F40054B0E6 /* SleepTime */ = {
			isa = PBXNativeTarget;
			buildConfigurationList = 3BCB6A0C2698B2F50054B0E6 /* Build configuration list for PBXNativeTarget "SleepTime" */;
			buildPhases = (
				3BCB69F42698B2F40054B0E6 /* Sources */,
				3BCB69F52698B2F40054B0E6 /* Frameworks */,
				3BCB69F62698B2F40054B0E6 /* Resources */,
			);
			buildRules = (
			);
			dependencies = (
			);
			name = SleepTime;
			productName = SleepTime;
			productReference = 3BCB69F82698B2F40054B0E6 /* SleepTime.app */;
			productType = "com.apple.product-type.application";
		};
/* End PBXNativeTarget section */

/* Begin PBXProject section */
		3BCB69F02698B2F40054B0E6 /* Project object */ = {
			isa = PBXProject;
			attributes = {
				LastSwiftUpdateCheck = 1250;
				LastUpgradeCheck = 1250;
				TargetAttributes = {
					3BCB69F72698B2F40054B0E6 = {
						CreatedOnToolsVersion = 12.5.1;
					};
				};
			};
			buildConfigurationList = 3BCB69F32698B2F40054B0E6 /* Build configuration list for PBXProject "SleepTime" */;
			compatibilityVersion = "Xcode 9.3";
			developmentRegion = en;
			hasScannedForEncodings = 0;
			knownRegions = (
				en,
				Base,
			);
			mainGroup = 3BCB69EF2698B2F40054B0E6;
			productRefGroup = 3BCB69F92698B2F40054B0E6 /* Products */;
			projectDirPath = "";
			projectRoot = "";
			targets = (
				3BCB69F72698B2F40054B0E6 /* SleepTime */,
			);
		};
/* End PBXProject section */

/* Begin PBXResourcesBuildPhase section */
		3BCB69F62698B2F40054B0E6 /* Resources */ = {
			isa = PBXResourcesBuildPhase;
			buildActionMask = 2147483647;
			files = (
				3BCB6A082698B2F50054B0E6 /* LaunchScreen.storyboard in Resources */,
				3BCB6A052698B2F50054B0E6 /* Assets.xcassets in Resources */,
				3BCB6A032698B2F40054B0E6 /* Main.storyboard in Resources */,
			);
			runOnlyForDeploymentPostprocessing = 0;
		};
/* End PBXResourcesBuildPhase section */

/* Begin PBXSourcesBuildPhase section */
		3BCB69F42698B2F40054B0E6 /* Sources */ = {
			isa = PBXSourcesBuildPhase;
			buildActionMask = 2147483647;
			files = (
				3BCB6A002698B2F40054B0E6 /* ViewController.swift in Sources */,
				3BCB69FC2698B2F40054B0E6 /* AppDelegate.swift in Sources */,
				3BCB69FE2698B2F40054B0E6 /* SceneDelegate.swift in Sources */,
				3BCB6A1926999C760054B0E6 /* Sleep+CoreDataProperties.swift in Sources */,
				3BCB6A102698C1730054B0E6 /* CoreDataStack.swift in Sources */,
				3BCB6A13269999FA0054B0E6 /* ModelSleepTime.xcdatamodeld in Sources */,
				3BCB6A1A26999C760054B0E6 /* User+CoreDataClass.swift in Sources */,
				3BCB6A1826999C760054B0E6 /* Sleep+CoreDataClass.swift in Sources */,
				3BCB6A1B26999C760054B0E6 /* User+CoreDataProperties.swift in Sources */,
			);
			runOnlyForDeploymentPostprocessing = 0;
		};
/* End PBXSourcesBuildPhase section */

/* Begin PBXVariantGroup section */
		3BCB6A012698B2F40054B0E6 /* Main.storyboard */ = {
			isa = PBXVariantGroup;
			children = (
				3BCB6A022698B2F40054B0E6 /* Base */,
			);
			name = Main.storyboard;
			sourceTree = "<group>";
		};
		3BCB6A062698B2F50054B0E6 /* LaunchScreen.storyboard */ = {
			isa = PBXVariantGroup;
			children = (
				3BCB6A072698B2F50054B0E6 /* Base */,
			);
			name = LaunchScreen.storyboard;
			sourceTree = "<group>";
		};
/* End PBXVariantGroup section */

/* Begin XCBuildConfiguration section */
		3BCB6A0A2698B2F50054B0E6 /* Debug */ = {
			isa = XCBuildConfiguration;
			buildSettings = {
				ALWAYS_SEARCH_USER_PATHS = NO;
				CLANG_ANALYZER_NONNULL = YES;
				CLANG_ANALYZER_NUMBER_OBJECT_CONVERSION = YES_AGGRESSIVE;
				CLANG_CXX_LANGUAGE_STANDARD = "gnu++14";
				CLANG_CXX_LIBRARY = "libc++";
				CLANG_ENABLE_MODULES = YES;
				CLANG_ENABLE_OBJC_ARC = YES;
				CLANG_ENABLE_OBJC_WEAK = YES;
				CLANG_WARN_BLOCK_CAPTURE_AUTORELEASING = YES;
				CLANG_WARN_BOOL_CONVERSION = YES;
				CLANG_WARN_COMMA = YES;
				CLANG_WARN_CONSTANT_CONVERSION = YES;
				CLANG_WARN_DEPRECATED_OBJC_IMPLEMENTATIONS = YES;
				CLANG_WARN_DIRECT_OBJC_ISA_USAGE = YES_ERROR;
				CLANG_WARN_DOCUMENTATION_COMMENTS = YES;
				CLANG_WARN_EMPTY_BODY = YES;
				CLANG_WARN_ENUM_CONVERSION = YES;
				CLANG_WARN_INFINITE_RECURSION = YES;
				CLANG_WARN_INT_CONVERSION = YES;
				CLANG_WARN_NON_LITERAL_NULL_CONVERSION = YES;
				CLANG_WARN_OBJC_IMPLICIT_RETAIN_SELF = YES;
				CLANG_WARN_OBJC_LITERAL_CONVERSION = YES;
				CLANG_WARN_OBJC_ROOT_CLASS = YES_ERROR;
				CLANG_WARN_QUOTED_INCLUDE_IN_FRAMEWORK_HEADER = YES;
				CLANG_WARN_RANGE_LOOP_ANALYSIS = YES;
				CLANG_WARN_STRICT_PROTOTYPES = YES;
				CLANG_WARN_SUSPICIOUS_MOVE = YES;
				CLANG_WARN_UNGUARDED_AVAILABILITY = YES_AGGRESSIVE;
				CLANG_WARN_UNREACHABLE_CODE = YES;
				CLANG_WARN__DUPLICATE_METHOD_MATCH = YES;
				COPY_PHASE_STRIP = NO;
				DEBUG_INFORMATION_FORMAT = dwarf;
				ENABLE_STRICT_OBJC_MSGSEND = YES;
				ENABLE_TESTABILITY = YES;
				GCC_C_LANGUAGE_STANDARD = gnu11;
				GCC_DYNAMIC_NO_PIC = NO;
				GCC_NO_COMMON_BLOCKS = YES;
				GCC_OPTIMIZATION_LEVEL = 0;
				GCC_PREPROCESSOR_DEFINITIONS = (
					"DEBUG=1",
					"$(inherited)",
				);
				GCC_WARN_64_TO_32_BIT_CONVERSION = YES;
				GCC_WARN_ABOUT_RETURN_TYPE = YES_ERROR;
				GCC_WARN_UNDECLARED_SELECTOR = YES;
				GCC_WARN_UNINITIALIZED_AUTOS = YES_AGGRESSIVE;
				GCC_WARN_UNUSED_FUNCTION = YES;
				GCC_WARN_UNUSED_VARIABLE = YES;
				IPHONEOS_DEPLOYMENT_TARGET = 14.5;
				MTL_ENABLE_DEBUG_INFO = INCLUDE_SOURCE;
				MTL_FAST_MATH = YES;
				ONLY_ACTIVE_ARCH = YES;
				SDKROOT = iphoneos;
				SWIFT_ACTIVE_COMPILATION_CONDITIONS = DEBUG;
				SWIFT_OPTIMIZATION_LEVEL = "-Onone";
			};
			name = Debug;
		};
		3BCB6A0B2698B2F50054B0E6 /* Release */ = {
			isa = XCBuildConfiguration;
			buildSettings = {
				ALWAYS_SEARCH_USER_PATHS = NO;
				CLANG_ANALYZER_NONNULL = YES;
				CLANG_ANALYZER_NUMBER_OBJECT_CONVERSION = YES_AGGRESSIVE;
				CLANG_CXX_LANGUAGE_STANDARD = "gnu++14";
				CLANG_CXX_LIBRARY = "libc++";
				CLANG_ENABLE_MODULES = YES;
				CLANG_ENABLE_OBJC_ARC = YES;
				CLANG_ENABLE_OBJC_WEAK = YES;
				CLANG_WARN_BLOCK_CAPTURE_AUTORELEASING = YES;
				CLANG_WARN_BOOL_CONVERSION = YES;
				CLANG_WARN_COMMA = YES;
				CLANG_WARN_CONSTANT_CONVERSION = YES;
				CLANG_WARN_DEPRECATED_OBJC_IMPLEMENTATIONS = YES;
				CLANG_WARN_DIRECT_OBJC_ISA_USAGE = YES_ERROR;
				CLANG_WARN_DOCUMENTATION_COMMENTS = YES;
				CLANG_WARN_EMPTY_BODY = YES;
				CLANG_WARN_ENUM_CONVERSION = YES;
				CLANG_WARN_INFINITE_RECURSION = YES;
				CLANG_WARN_INT_CONVERSION = YES;
				CLANG_WARN_NON_LITERAL_NULL_CONVERSION = YES;
				CLANG_WARN_OBJC_IMPLICIT_RETAIN_SELF = YES;
				CLANG_WARN_OBJC_LITERAL_CONVERSION = YES;
				CLANG_WARN_OBJC_ROOT_CLASS = YES_ERROR;
				CLANG_WARN_QUOTED_INCLUDE_IN_FRAMEWORK_HEADER = YES;
				CLANG_WARN_RANGE_LOOP_ANALYSIS = YES;
				CLANG_WARN_STRICT_PROTOTYPES = YES;
				CLANG_WARN_SUSPICIOUS_MOVE = YES;
				CLANG_WARN_UNGUARDED_AVAILABILITY = YES_AGGRESSIVE;
				CLANG_WARN_UNREACHABLE_CODE = YES;
				CLANG_WARN__DUPLICATE_METHOD_MATCH = YES;
				COPY_PHASE_STRIP = NO;
				DEBUG_INFORMATION_FORMAT = "dwarf-with-dsym";
				ENABLE_NS_ASSERTIONS = NO;
				ENABLE_STRICT_OBJC_MSGSEND = YES;
				GCC_C_LANGUAGE_STANDARD = gnu11;
				GCC_NO_COMMON_BLOCKS = YES;
				GCC_WARN_64_TO_32_BIT_CONVERSION = YES;
				GCC_WARN_ABOUT_RETURN_TYPE = YES_ERROR;
				GCC_WARN_UNDECLARED_SELECTOR = YES;
				GCC_WARN_UNINITIALIZED_AUTOS = YES_AGGRESSIVE;
				GCC_WARN_UNUSED_FUNCTION = YES;
				GCC_WARN_UNUSED_VARIABLE = YES;
				IPHONEOS_DEPLOYMENT_TARGET = 14.5;
				MTL_ENABLE_DEBUG_INFO = NO;
				MTL_FAST_MATH = YES;
				SDKROOT = iphoneos;
				SWIFT_COMPILATION_MODE = wholemodule;
				SWIFT_OPTIMIZATION_LEVEL = "-O";
				VALIDATE_PRODUCT = YES;
			};
			name = Release;
		};
		3BCB6A0D2698B2F50054B0E6 /* Debug */ = {
			isa = XCBuildConfiguration;
			buildSettings = {
				ASSETCATALOG_COMPILER_APPICON_NAME = AppIcon;
				ASSETCATALOG_COMPILER_GLOBAL_ACCENT_COLOR_NAME = AccentColor;
				CODE_SIGN_STYLE = Automatic;
				DEVELOPMENT_TEAM = Z2TC3L6A9U;
				INFOPLIST_FILE = SleepTime/Info.plist;
				LD_RUNPATH_SEARCH_PATHS = (
					"$(inherited)",
					"@executable_path/Frameworks",
				);
				PRODUCT_BUNDLE_IDENTIFIER = "Danya-Belskiy.SleepTime";
				PRODUCT_NAME = "$(TARGET_NAME)";
				SWIFT_VERSION = 5.0;
				TARGETED_DEVICE_FAMILY = "1,2";
			};
			name = Debug;
		};
		3BCB6A0E2698B2F50054B0E6 /* Release */ = {
			isa = XCBuildConfiguration;
			buildSettings = {
				ASSETCATALOG_COMPILER_APPICON_NAME = AppIcon;
				ASSETCATALOG_COMPILER_GLOBAL_ACCENT_COLOR_NAME = AccentColor;
				CODE_SIGN_STYLE = Automatic;
				DEVELOPMENT_TEAM = Z2TC3L6A9U;
				INFOPLIST_FILE = SleepTime/Info.plist;
				LD_RUNPATH_SEARCH_PATHS = (
					"$(inherited)",
					"@executable_path/Frameworks",
				);
				PRODUCT_BUNDLE_IDENTIFIER = "Danya-Belskiy.SleepTime";
				PRODUCT_NAME = "$(TARGET_NAME)";
				SWIFT_VERSION = 5.0;
				TARGETED_DEVICE_FAMILY = "1,2";
			};
			name = Release;
		};
/* End XCBuildConfiguration section */

/* Begin XCConfigurationList section */
		3BCB69F32698B2F40054B0E6 /* Build configuration list for PBXProject "SleepTime" */ = {
			isa = XCConfigurationList;
			buildConfigurations = (
				3BCB6A0A2698B2F50054B0E6 /* Debug */,
				3BCB6A0B2698B2F50054B0E6 /* Release */,
			);
			defaultConfigurationIsVisible = 0;
			defaultConfigurationName = Release;
		};
		3BCB6A0C2698B2F50054B0E6 /* Build configuration list for PBXNativeTarget "SleepTime" */ = {
			isa = XCConfigurationList;
			buildConfigurations = (
				3BCB6A0D2698B2F50054B0E6 /* Debug */,
				3BCB6A0E2698B2F50054B0E6 /* Release */,
			);
			defaultConfigurationIsVisible = 0;
			defaultConfigurationName = Release;
		};
/* End XCConfigurationList section */

/* Begin XCVersionGroup section */
		3BCB6A11269999FA0054B0E6 /* ModelSleepTime.xcdatamodeld */ = {
			isa = XCVersionGroup;
			children = (
				3BCB6A12269999FA0054B0E6 /* ModelSleepTime.xcdatamodel */,
			);
			currentVersion = 3BCB6A12269999FA0054B0E6 /* ModelSleepTime.xcdatamodel */;
			path = ModelSleepTime.xcdatamodeld;
			sourceTree = "<group>";
			versionGroupType = wrapper.xcdatamodel;
		};
/* End XCVersionGroup section */
	};
	rootObject = 3BCB69F02698B2F40054B0E6 /* Project object */;
}
